
Microsoft Visual Studio Solution File, Format Version 12.00
# Visual Studio Version 16
VisualStudioVersion = 16.0.30907.101
MinimumVisualStudioVersion = 10.0.40219.1
Project("{9A19103F-16F7-4668-BE54-9A1E7A4F7556}") = "Swordfish", "Swordfish\Swordfish.csproj", "{A07EC771-A9DC-46E9-9F83-F940880976FA}"
EndProject
Project("{9A19103F-16F7-4668-BE54-9A1E7A4F7556}") = "EntityTesting", "TestProjects\EntityTesting\EntityTesting.csproj", "{2AC5E407-2611-4521-BA0B-D44312E79D9F}"
EndProject
Project("{9A19103F-16F7-4668-BE54-9A1E7A4F7556}") = "TestGameProject", "TestProjects\TestGameProject\TestGameProject.csproj", "{18806AEA-958B-49C0-AEFC-93F4E5D9BEDB}"
EndProject
Global
	GlobalSection(SolutionConfigurationPlatforms) = preSolution
		Debug|Any CPU = Debug|Any CPU
		Release|Any CPU = Release|Any CPU
	EndGlobalSection
	GlobalSection(ProjectConfigurationPlatforms) = postSolution
		{A07EC771-A9DC-46E9-9F83-F940880976FA}.Debug|Any CPU.ActiveCfg = Debug|Any CPU
		{A07EC771-A9DC-46E9-9F83-F940880976FA}.Debug|Any CPU.Build.0 = Debug|Any CPU
		{A07EC771-A9DC-46E9-9F83-F940880976FA}.Release|Any CPU.ActiveCfg = Release|Any CPU
		{A07EC771-A9DC-46E9-9F83-F940880976FA}.Release|Any CPU.Build.0 = Release|Any CPU
		{2AC5E407-2611-4521-BA0B-D44312E79D9F}.Debug|Any CPU.ActiveCfg = Debug|Any CPU
		{2AC5E407-2611-4521-BA0B-D44312E79D9F}.Debug|Any CPU.Build.0 = Debug|Any CPU
		{2AC5E407-2611-4521-BA0B-D44312E79D9F}.Release|Any CPU.ActiveCfg = Release|Any CPU
		{2AC5E407-2611-4521-BA0B-D44312E79D9F}.Release|Any CPU.Build.0 = Release|Any CPU
		{18806AEA-958B-49C0-AEFC-93F4E5D9BEDB}.Debug|Any CPU.ActiveCfg = Debug|Any CPU
		{18806AEA-958B-49C0-AEFC-93F4E5D9BEDB}.Debug|Any CPU.Build.0 = Debug|Any CPU
		{18806AEA-958B-49C0-AEFC-93F4E5D9BEDB}.Release|Any CPU.ActiveCfg = Release|Any CPU
		{18806AEA-958B-49C0-AEFC-93F4E5D9BEDB}.Release|Any CPU.Build.0 = Release|Any CPU
	EndGlobalSection
	GlobalSection(SolutionProperties) = preSolution
		HideSolutionNode = FALSE
	EndGlobalSection
	GlobalSection(ExtensibilityGlobals) = postSolution
		SolutionGuid = {CE0B7AE9-9444-4393-861C-40AAD6ADBE92}
	EndGlobalSection
EndGlobal
